// !$*UTF8*$!
{
	archiveVersion = 1;
	classes = {
	};
	objectVersion = 50;
	objects = {

/* Begin PBXBuildFile section */
		FA846ACC7C04A8B58FD76BCD /* Pods_InstagramSample.framework in Frameworks */ = {isa = PBXBuildFile; fileRef = AC3156345FA92D12067BFC6A /* Pods_InstagramSample.framework */; };
		FC0F757A20727ECA00FD6738 /* AppDelegate.swift in Sources */ = {isa = PBXBuildFile; fileRef = FC0F757920727ECA00FD6738 /* AppDelegate.swift */; };
		FC0F757C20727ECA00FD6738 /* ViewController.swift in Sources */ = {isa = PBXBuildFile; fileRef = FC0F757B20727ECA00FD6738 /* ViewController.swift */; };
		FC0F757F20727ECA00FD6738 /* Main.storyboard in Resources */ = {isa = PBXBuildFile; fileRef = FC0F757D20727ECA00FD6738 /* Main.storyboard */; };
		FC0F758120727ECB00FD6738 /* Assets.xcassets in Resources */ = {isa = PBXBuildFile; fileRef = FC0F758020727ECB00FD6738 /* Assets.xcassets */; };
		FC0F758420727ECB00FD6738 /* LaunchScreen.storyboard in Resources */ = {isa = PBXBuildFile; fileRef = FC0F758220727ECB00FD6738 /* LaunchScreen.storyboard */; };
		FC0F758C2072806B00FD6738 /* MainTabBarController.swift in Sources */ = {isa = PBXBuildFile; fileRef = FC0F758B2072806B00FD6738 /* MainTabBarController.swift */; };
		FC0F758E2072809B00FD6738 /* UserProfileController.swift in Sources */ = {isa = PBXBuildFile; fileRef = FC0F758D2072809B00FD6738 /* UserProfileController.swift */; };
		FC0F7591207280F800FD6738 /* Extensions.swift in Sources */ = {isa = PBXBuildFile; fileRef = FC0F7590207280F800FD6738 /* Extensions.swift */; };
		FC4204282072918700688F1E /* GoogleService-Info.plist in Resources */ = {isa = PBXBuildFile; fileRef = FC4204272072918700688F1E /* GoogleService-Info.plist */; };
/* End PBXBuildFile section */

/* Begin PBXFileReference section */
		0586153E06DC4F60226C3371 /* Pods-InstagramSample.debug.xcconfig */ = {isa = PBXFileReference; includeInIndex = 1; lastKnownFileType = text.xcconfig; name = "Pods-InstagramSample.debug.xcconfig"; path = "Pods/Target Support Files/Pods-InstagramSample/Pods-InstagramSample.debug.xcconfig"; sourceTree = "<group>"; };
		9B2BDFCAA32528EDA59D1535 /* Pods-InstagramSample.release.xcconfig */ = {isa = PBXFileReference; includeInIndex = 1; lastKnownFileType = text.xcconfig; name = "Pods-InstagramSample.release.xcconfig"; path = "Pods/Target Support Files/Pods-InstagramSample/Pods-InstagramSample.release.xcconfig"; sourceTree = "<group>"; };
		AC3156345FA92D12067BFC6A /* Pods_InstagramSample.framework */ = {isa = PBXFileReference; explicitFileType = wrapper.framework; includeInIndex = 0; path = Pods_InstagramSample.framework; sourceTree = BUILT_PRODUCTS_DIR; };
		FC0F757620727ECA00FD6738 /* InstagramSample.app */ = {isa = PBXFileReference; explicitFileType = wrapper.application; includeInIndex = 0; path = InstagramSample.app; sourceTree = BUILT_PRODUCTS_DIR; };
		FC0F757920727ECA00FD6738 /* AppDelegate.swift */ = {isa = PBXFileReference; lastKnownFileType = sourcecode.swift; path = AppDelegate.swift; sourceTree = "<group>"; };
		FC0F757B20727ECA00FD6738 /* ViewController.swift */ = {isa = PBXFileReference; lastKnownFileType = sourcecode.swift; path = ViewController.swift; sourceTree = "<group>"; };
		FC0F757E20727ECA00FD6738 /* Base */ = {isa = PBXFileReference; lastKnownFileType = file.storyboard; name = Base; path = Base.lproj/Main.storyboard; sourceTree = "<group>"; };
		FC0F758020727ECB00FD6738 /* Assets.xcassets */ = {isa = PBXFileReference; lastKnownFileType = folder.assetcatalog; path = Assets.xcassets; sourceTree = "<group>"; };
		FC0F758320727ECB00FD6738 /* Base */ = {isa = PBXFileReference; lastKnownFileType = file.storyboard; name = Base; path = Base.lproj/LaunchScreen.storyboard; sourceTree = "<group>"; };
		FC0F758520727ECB00FD6738 /* Info.plist */ = {isa = PBXFileReference; lastKnownFileType = text.plist.xml; path = Info.plist; sourceTree = "<group>"; };
		FC0F758B2072806B00FD6738 /* MainTabBarController.swift */ = {isa = PBXFileReference; lastKnownFileType = sourcecode.swift; path = MainTabBarController.swift; sourceTree = "<group>"; };
		FC0F758D2072809B00FD6738 /* UserProfileController.swift */ = {isa = PBXFileReference; lastKnownFileType = sourcecode.swift; path = UserProfileController.swift; sourceTree = "<group>"; };
		FC0F7590207280F800FD6738 /* Extensions.swift */ = {isa = PBXFileReference; lastKnownFileType = sourcecode.swift; path = Extensions.swift; sourceTree = "<group>"; };
		FC4204272072918700688F1E /* GoogleService-Info.plist */ = {isa = PBXFileReference; fileEncoding = 4; lastKnownFileType = text.plist.xml; path = "GoogleService-Info.plist"; sourceTree = "<group>"; };
/* End PBXFileReference section */

/* Begin PBXFrameworksBuildPhase section */
		FC0F757320727ECA00FD6738 /* Frameworks */ = {
			isa = PBXFrameworksBuildPhase;
			buildActionMask = 2147483647;
			files = (
				FA846ACC7C04A8B58FD76BCD /* Pods_InstagramSample.framework in Frameworks */,
			);
			runOnlyForDeploymentPostprocessing = 0;
		};
/* End PBXFrameworksBuildPhase section */

/* Begin PBXGroup section */
		90CB00B19E549A7BB8D10155 /* Pods */ = {
			isa = PBXGroup;
			children = (
				0586153E06DC4F60226C3371 /* Pods-InstagramSample.debug.xcconfig */,
				9B2BDFCAA32528EDA59D1535 /* Pods-InstagramSample.release.xcconfig */,
			);
			name = Pods;
			sourceTree = "<group>";
		};
		B1EF5DEB51A3B175AA11454C /* Frameworks */ = {
			isa = PBXGroup;
			children = (
				AC3156345FA92D12067BFC6A /* Pods_InstagramSample.framework */,
			);
			name = Frameworks;
			sourceTree = "<group>";
		};
		FC0F756D20727ECA00FD6738 = {
			isa = PBXGroup;
			children = (
				FC0F757820727ECA00FD6738 /* InstagramSample */,
				FC0F757720727ECA00FD6738 /* Products */,
				90CB00B19E549A7BB8D10155 /* Pods */,
				B1EF5DEB51A3B175AA11454C /* Frameworks */,
			);
			sourceTree = "<group>";
		};
		FC0F757720727ECA00FD6738 /* Products */ = {
			isa = PBXGroup;
			children = (
				FC0F757620727ECA00FD6738 /* InstagramSample.app */,
			);
			name = Products;
			sourceTree = "<group>";
		};
		FC0F757820727ECA00FD6738 /* InstagramSample */ = {
			isa = PBXGroup;
			children = (
				FC0F758F207280E400FD6738 /* Utilities */,
				FC0F757920727ECA00FD6738 /* AppDelegate.swift */,
				FC0F757B20727ECA00FD6738 /* ViewController.swift */,
				FC0F758B2072806B00FD6738 /* MainTabBarController.swift */,
				FC0F758D2072809B00FD6738 /* UserProfileController.swift */,
				FC0F757D20727ECA00FD6738 /* Main.storyboard */,
				FC0F758020727ECB00FD6738 /* Assets.xcassets */,
				FC0F758220727ECB00FD6738 /* LaunchScreen.storyboard */,
				FC0F758520727ECB00FD6738 /* Info.plist */,
				FC4204272072918700688F1E /* GoogleService-Info.plist */,
			);
			path = InstagramSample;
			sourceTree = "<group>";
		};
		FC0F758F207280E400FD6738 /* Utilities */ = {
			isa = PBXGroup;
			children = (
				FC0F7590207280F800FD6738 /* Extensions.swift */,
			);
			path = Utilities;
			sourceTree = "<group>";
		};
/* End PBXGroup section */

/* Begin PBXNativeTarget section */
		FC0F757520727ECA00FD6738 /* InstagramSample */ = {
			isa = PBXNativeTarget;
			buildConfigurationList = FC0F758820727ECB00FD6738 /* Build configuration list for PBXNativeTarget "InstagramSample" */;
			buildPhases = (
				2F59E3AF7707C60C137F6A69 /* [CP] Check Pods Manifest.lock */,
				FC0F757220727ECA00FD6738 /* Sources */,
				FC0F757320727ECA00FD6738 /* Frameworks */,
				FC0F757420727ECA00FD6738 /* Resources */,
				9298EB6C7FB54447D0292E60 /* [CP] Embed Pods Frameworks */,
				B52C412B11FBB9D047A32835 /* [CP] Copy Pods Resources */,
			);
			buildRules = (
			);
			dependencies = (
			);
			name = InstagramSample;
			productName = InstagramSample;
			productReference = FC0F757620727ECA00FD6738 /* InstagramSample.app */;
			productType = "com.apple.product-type.application";
		};
/* End PBXNativeTarget section */

/* Begin PBXProject section */
		FC0F756E20727ECA00FD6738 /* Project object */ = {
			isa = PBXProject;
			attributes = {
				LastSwiftUpdateCheck = 0930;
				LastUpgradeCheck = 0930;
				ORGANIZATIONNAME = "Thomas Friesman";
				TargetAttributes = {
					FC0F757520727ECA00FD6738 = {
						CreatedOnToolsVersion = 9.3;
					};
				};
			};
			buildConfigurationList = FC0F757120727ECA00FD6738 /* Build configuration list for PBXProject "InstagramSample" */;
			compatibilityVersion = "Xcode 9.3";
			developmentRegion = en;
			hasScannedForEncodings = 0;
			knownRegions = (
				en,
				Base,
			);
			mainGroup = FC0F756D20727ECA00FD6738;
			productRefGroup = FC0F757720727ECA00FD6738 /* Products */;
			projectDirPath = "";
			projectRoot = "";
			targets = (
				FC0F757520727ECA00FD6738 /* InstagramSample */,
			);
		};
/* End PBXProject section */

/* Begin PBXResourcesBuildPhase section */
		FC0F757420727ECA00FD6738 /* Resources */ = {
			isa = PBXResourcesBuildPhase;
			buildActionMask = 2147483647;
			files = (
				FC0F758420727ECB00FD6738 /* LaunchScreen.storyboard in Resources */,
				FC0F758120727ECB00FD6738 /* Assets.xcassets in Resources */,
				FC4204282072918700688F1E /* GoogleService-Info.plist in Resources */,
				FC0F757F20727ECA00FD6738 /* Main.storyboard in Resources */,
			);
			runOnlyForDeploymentPostprocessing = 0;
		};
/* End PBXResourcesBuildPhase section */

/* Begin PBXShellScriptBuildPhase section */
		2F59E3AF7707C60C137F6A69 /* [CP] Check Pods Manifest.lock */ = {
			isa = PBXShellScriptBuildPhase;
			buildActionMask = 2147483647;
			files = (
			);
			inputPaths = (
				"${PODS_PODFILE_DIR_PATH}/Podfile.lock",
				"${PODS_ROOT}/Manifest.lock",
			);
			name = "[CP] Check Pods Manifest.lock";
			outputPaths = (
				"$(DERIVED_FILE_DIR)/Pods-InstagramSample-checkManifestLockResult.txt",
			);
			runOnlyForDeploymentPostprocessing = 0;
			shellPath = /bin/sh;
			shellScript = "diff \"${PODS_PODFILE_DIR_PATH}/Podfile.lock\" \"${PODS_ROOT}/Manifest.lock\" > /dev/null\nif [ $? != 0 ] ; then\n    # print error to STDERR\n    echo \"error: The sandbox is not in sync with the Podfile.lock. Run 'pod install' or update your CocoaPods installation.\" >&2\n    exit 1\nfi\n# This output is used by Xcode 'outputs' to avoid re-running this script phase.\necho \"SUCCESS\" > \"${SCRIPT_OUTPUT_FILE_0}\"\n";
			showEnvVarsInLog = 0;
		};
		9298EB6C7FB54447D0292E60 /* [CP] Embed Pods Frameworks */ = {
			isa = PBXShellScriptBuildPhase;
			buildActionMask = 2147483647;
			files = (
			);
			inputPaths = (
				"${SRCROOT}/Pods/Target Support Files/Pods-InstagramSample/Pods-InstagramSample-frameworks.sh",
				"${BUILT_PRODUCTS_DIR}/GTMSessionFetcher/GTMSessionFetcher.framework",
				"${BUILT_PRODUCTS_DIR}/GoogleToolboxForMac/GoogleToolboxForMac.framework",
				"${BUILT_PRODUCTS_DIR}/leveldb-library/leveldb.framework",
				"${BUILT_PRODUCTS_DIR}/nanopb/nanopb.framework",
			);
			name = "[CP] Embed Pods Frameworks";
			outputPaths = (
				"${TARGET_BUILD_DIR}/${FRAMEWORKS_FOLDER_PATH}/GTMSessionFetcher.framework",
				"${TARGET_BUILD_DIR}/${FRAMEWORKS_FOLDER_PATH}/GoogleToolboxForMac.framework",
				"${TARGET_BUILD_DIR}/${FRAMEWORKS_FOLDER_PATH}/leveldb.framework",
				"${TARGET_BUILD_DIR}/${FRAMEWORKS_FOLDER_PATH}/nanopb.framework",
			);
			runOnlyForDeploymentPostprocessing = 0;
			shellPath = /bin/sh;
			shellScript = "\"${SRCROOT}/Pods/Target Support Files/Pods-InstagramSample/Pods-InstagramSample-frameworks.sh\"\n";
			showEnvVarsInLog = 0;
		};
		B52C412B11FBB9D047A32835 /* [CP] Copy Pods Resources */ = {
			isa = PBXShellScriptBuildPhase;
			buildActionMask = 2147483647;
			files = (
			);
			inputPaths = (
			);
			name = "[CP] Copy Pods Resources";
			outputPaths = (
			);
			runOnlyForDeploymentPostprocessing = 0;
			shellPath = /bin/sh;
			shellScript = "\"${SRCROOT}/Pods/Target Support Files/Pods-InstagramSample/Pods-InstagramSample-resources.sh\"\n";
			showEnvVarsInLog = 0;
		};
/* End PBXShellScriptBuildPhase section */

/* Begin PBXSourcesBuildPhase section */
		FC0F757220727ECA00FD6738 /* Sources */ = {
			isa = PBXSourcesBuildPhase;
			buildActionMask = 2147483647;
			files = (
				FC0F7591207280F800FD6738 /* Extensions.swift in Sources */,
				FC0F757C20727ECA00FD6738 /* ViewController.swift in Sources */,
				FC0F757A20727ECA00FD6738 /* AppDelegate.swift in Sources */,
				FC0F758E2072809B00FD6738 /* UserProfileController.swift in Sources */,
				FC0F758C2072806B00FD6738 /* MainTabBarController.swift in Sources */,
			);
			runOnlyForDeploymentPostprocessing = 0;
		};
/* End PBXSourcesBuildPhase section */

/* Begin PBXVariantGroup section */
		FC0F757D20727ECA00FD6738 /* Main.storyboard */ = {
			isa = PBXVariantGroup;
			children = (
				FC0F757E20727ECA00FD6738 /* Base */,
			);
			name = Main.storyboard;
			sourceTree = "<group>";
		};
		FC0F758220727ECB00FD6738 /* LaunchScreen.storyboard */ = {
			isa = PBXVariantGroup;
			children = (
				FC0F758320727ECB00FD6738 /* Base */,
			);
			name = LaunchScreen.storyboard;
			sourceTree = "<group>";
		};
/* End PBXVariantGroup section */

/* Begin XCBuildConfiguration section */
		FC0F758620727ECB00FD6738 /* Debug */ = {
			isa = XCBuildConfiguration;
			buildSettings = {
				ALWAYS_SEARCH_USER_PATHS = NO;
				CLANG_ANALYZER_NONNULL = YES;
				CLANG_ANALYZER_NUMBER_OBJECT_CONVERSION = YES_AGGRESSIVE;
				CLANG_CXX_LANGUAGE_STANDARD = "gnu++14";
				CLANG_CXX_LIBRARY = "libc++";
				CLANG_ENABLE_MODULES = YES;
				CLANG_ENABLE_OBJC_ARC = YES;
				CLANG_ENABLE_OBJC_WEAK = YES;
				CLANG_WARN_BLOCK_CAPTURE_AUTORELEASING = YES;
				CLANG_WARN_BOOL_CONVERSION = YES;
				CLANG_WARN_COMMA = YES;
				CLANG_WARN_CONSTANT_CONVERSION = YES;
				CLANG_WARN_DEPRECATED_OBJC_IMPLEMENTATIONS = YES;
				CLANG_WARN_DIRECT_OBJC_ISA_USAGE = YES_ERROR;
				CLANG_WARN_DOCUMENTATION_COMMENTS = YES;
				CLANG_WARN_EMPTY_BODY = YES;
				CLANG_WARN_ENUM_CONVERSION = YES;
				CLANG_WARN_INFINITE_RECURSION = YES;
				CLANG_WARN_INT_CONVERSION = YES;
				CLANG_WARN_NON_LITERAL_NULL_CONVERSION = YES;
				CLANG_WARN_OBJC_IMPLICIT_RETAIN_SELF = YES;
				CLANG_WARN_OBJC_LITERAL_CONVERSION = YES;
				CLANG_WARN_OBJC_ROOT_CLASS = YES_ERROR;
				CLANG_WARN_RANGE_LOOP_ANALYSIS = YES;
				CLANG_WARN_STRICT_PROTOTYPES = YES;
				CLANG_WARN_SUSPICIOUS_MOVE = YES;
				CLANG_WARN_UNGUARDED_AVAILABILITY = YES_AGGRESSIVE;
				CLANG_WARN_UNREACHABLE_CODE = YES;
				CLANG_WARN__DUPLICATE_METHOD_MATCH = YES;
				CODE_SIGN_IDENTITY = "iPhone Developer";
				COPY_PHASE_STRIP = NO;
				DEBUG_INFORMATION_FORMAT = dwarf;
				ENABLE_STRICT_OBJC_MSGSEND = YES;
				ENABLE_TESTABILITY = YES;
				GCC_C_LANGUAGE_STANDARD = gnu11;
				GCC_DYNAMIC_NO_PIC = NO;
				GCC_NO_COMMON_BLOCKS = YES;
				GCC_OPTIMIZATION_LEVEL = 0;
				GCC_PREPROCESSOR_DEFINITIONS = (
					"DEBUG=1",
					"$(inherited)",
				);
				GCC_WARN_64_TO_32_BIT_CONVERSION = YES;
				GCC_WARN_ABOUT_RETURN_TYPE = YES_ERROR;
				GCC_WARN_UNDECLARED_SELECTOR = YES;
				GCC_WARN_UNINITIALIZED_AUTOS = YES_AGGRESSIVE;
				GCC_WARN_UNUSED_FUNCTION = YES;
				GCC_WARN_UNUSED_VARIABLE = YES;
				IPHONEOS_DEPLOYMENT_TARGET = 11.3;
				MTL_ENABLE_DEBUG_INFO = YES;
				ONLY_ACTIVE_ARCH = YES;
				SDKROOT = iphoneos;
				SWIFT_ACTIVE_COMPILATION_CONDITIONS = DEBUG;
				SWIFT_OPTIMIZATION_LEVEL = "-Onone";
			};
			name = Debug;
		};
		FC0F758720727ECB00FD6738 /* Release */ = {
			isa = XCBuildConfiguration;
			buildSettings = {
				ALWAYS_SEARCH_USER_PATHS = NO;
				CLANG_ANALYZER_NONNULL = YES;
				CLANG_ANALYZER_NUMBER_OBJECT_CONVERSION = YES_AGGRESSIVE;
				CLANG_CXX_LANGUAGE_STANDARD = "gnu++14";
				CLANG_CXX_LIBRARY = "libc++";
				CLANG_ENABLE_MODULES = YES;
				CLANG_ENABLE_OBJC_ARC = YES;
				CLANG_ENABLE_OBJC_WEAK = YES;
				CLANG_WARN_BLOCK_CAPTURE_AUTORELEASING = YES;
				CLANG_WARN_BOOL_CONVERSION = YES;
				CLANG_WARN_COMMA = YES;
				CLANG_WARN_CONSTANT_CONVERSION = YES;
				CLANG_WARN_DEPRECATED_OBJC_IMPLEMENTATIONS = YES;
				CLANG_WARN_DIRECT_OBJC_ISA_USAGE = YES_ERROR;
				CLANG_WARN_DOCUMENTATION_COMMENTS = YES;
				CLANG_WARN_EMPTY_BODY = YES;
				CLANG_WARN_ENUM_CONVERSION = YES;
				CLANG_WARN_INFINITE_RECURSION = YES;
				CLANG_WARN_INT_CONVERSION = YES;
				CLANG_WARN_NON_LITERAL_NULL_CONVERSION = YES;
				CLANG_WARN_OBJC_IMPLICIT_RETAIN_SELF = YES;
				CLANG_WARN_OBJC_LITERAL_CONVERSION = YES;
				CLANG_WARN_OBJC_ROOT_CLASS = YES_ERROR;
				CLANG_WARN_RANGE_LOOP_ANALYSIS = YES;
				CLANG_WARN_STRICT_PROTOTYPES = YES;
				CLANG_WARN_SUSPICIOUS_MOVE = YES;
				CLANG_WARN_UNGUARDED_AVAILABILITY = YES_AGGRESSIVE;
				CLANG_WARN_UNREACHABLE_CODE = YES;
				CLANG_WARN__DUPLICATE_METHOD_MATCH = YES;
				CODE_SIGN_IDENTITY = "iPhone Developer";
				COPY_PHASE_STRIP = NO;
				DEBUG_INFORMATION_FORMAT = "dwarf-with-dsym";
				ENABLE_NS_ASSERTIONS = NO;
				ENABLE_STRICT_OBJC_MSGSEND = YES;
				GCC_C_LANGUAGE_STANDARD = gnu11;
				GCC_NO_COMMON_BLOCKS = YES;
				GCC_WARN_64_TO_32_BIT_CONVERSION = YES;
				GCC_WARN_ABOUT_RETURN_TYPE = YES_ERROR;
				GCC_WARN_UNDECLARED_SELECTOR = YES;
				GCC_WARN_UNINITIALIZED_AUTOS = YES_AGGRESSIVE;
				GCC_WARN_UNUSED_FUNCTION = YES;
				GCC_WARN_UNUSED_VARIABLE = YES;
				IPHONEOS_DEPLOYMENT_TARGET = 11.3;
				MTL_ENABLE_DEBUG_INFO = NO;
				SDKROOT = iphoneos;
				SWIFT_COMPILATION_MODE = wholemodule;
				SWIFT_OPTIMIZATION_LEVEL = "-O";
				VALIDATE_PRODUCT = YES;
			};
			name = Release;
		};
		FC0F758920727ECB00FD6738 /* Debug */ = {
			isa = XCBuildConfiguration;
			baseConfigurationReference = 0586153E06DC4F60226C3371 /* Pods-InstagramSample.debug.xcconfig */;
			buildSettings = {
				ASSETCATALOG_COMPILER_APPICON_NAME = AppIcon;
				CODE_SIGN_STYLE = Automatic;
				DEVELOPMENT_TEAM = 886ADMR9E3;
				INFOPLIST_FILE = InstagramSample/Info.plist;
				LD_RUNPATH_SEARCH_PATHS = (
					"$(inherited)",
					"@executable_path/Frameworks",
				);
				PRODUCT_BUNDLE_IDENTIFIER = com.friesman.InstagramSample;
				PRODUCT_NAME = "$(TARGET_NAME)";
				SWIFT_VERSION = 4.0;
				TARGETED_DEVICE_FAMILY = "1,2";
			};
			name = Debug;
		};
		FC0F758A20727ECB00FD6738 /* Release */ = {
			isa = XCBuildConfiguration;
			baseConfigurationReference = 9B2BDFCAA32528EDA59D1535 /* Pods-InstagramSample.release.xcconfig */;
			buildSettings = {
				ASSETCATALOG_COMPILER_APPICON_NAME = AppIcon;
				CODE_SIGN_STYLE = Automatic;
				DEVELOPMENT_TEAM = 886ADMR9E3;
				INFOPLIST_FILE = InstagramSample/Info.plist;
				LD_RUNPATH_SEARCH_PATHS = (
					"$(inherited)",
					"@executable_path/Frameworks",
				);
				PRODUCT_BUNDLE_IDENTIFIER = com.friesman.InstagramSample;
				PRODUCT_NAME = "$(TARGET_NAME)";
				SWIFT_VERSION = 4.0;
				TARGETED_DEVICE_FAMILY = "1,2";
			};
			name = Release;
		};
/* End XCBuildConfiguration section */

/* Begin XCConfigurationList section */
		FC0F757120727ECA00FD6738 /* Build configuration list for PBXProject "InstagramSample" */ = {
			isa = XCConfigurationList;
			buildConfigurations = (
				FC0F758620727ECB00FD6738 /* Debug */,
				FC0F758720727ECB00FD6738 /* Release */,
			);
			defaultConfigurationIsVisible = 0;
			defaultConfigurationName = Release;
		};
		FC0F758820727ECB00FD6738 /* Build configuration list for PBXNativeTarget "InstagramSample" */ = {
			isa = XCConfigurationList;
			buildConfigurations = (
				FC0F758920727ECB00FD6738 /* Debug */,
				FC0F758A20727ECB00FD6738 /* Release */,
			);
			defaultConfigurationIsVisible = 0;
			defaultConfigurationName = Release;
		};
/* End XCConfigurationList section */
	};
	rootObject = FC0F756E20727ECA00FD6738 /* Project object */;
}
